
Microsoft Visual Studio Solution File, Format Version 12.00
# Visual Studio 2012
Project("{ECD6D718-D1CF-4119-97F3-97C25A0DFBF9}") = "AUTORIZACIONES_ADMINS", "Autorizaciones2.0\AUTORIZACIONES_ADMINS.lsproj", "{7C1BB8E4-500D-401E-9676-C104C8AFEE3B}"
EndProject
Global
	GlobalSection(SolutionConfigurationPlatforms) = preSolution
		Debug|Any CPU = Debug|Any CPU
		Release|Any CPU = Release|Any CPU
	EndGlobalSection
	GlobalSection(ProjectConfigurationPlatforms) = postSolution
		{7C1BB8E4-500D-401E-9676-C104C8AFEE3B}.Debug|Any CPU.ActiveCfg = Debug|Any CPU
		{7C1BB8E4-500D-401E-9676-C104C8AFEE3B}.Debug|Any CPU.Build.0 = Debug|Any CPU
		{7C1BB8E4-500D-401E-9676-C104C8AFEE3B}.Release|Any CPU.ActiveCfg = Release|Any CPU
		{7C1BB8E4-500D-401E-9676-C104C8AFEE3B}.Release|Any CPU.Build.0 = Release|Any CPU
		{4D210E5E-968C-4944-B745-C87E4D915A4A}.Debug|Any CPU.ActiveCfg = Debug|Any CPU
		{4D210E5E-968C-4944-B745-C87E4D915A4A}.Debug|Any CPU.Build.0 = Debug|Any CPU
		{4D210E5E-968C-4944-B745-C87E4D915A4A}.Release|Any CPU.ActiveCfg = Release|Any CPU
		{4D210E5E-968C-4944-B745-C87E4D915A4A}.Release|Any CPU.Build.0 = Release|Any CPU
		{A5D6623B-0674-4732-AED4-CD755DDE230A}.Debug|Any CPU.ActiveCfg = Debug|Any CPU
		{A5D6623B-0674-4732-AED4-CD755DDE230A}.Debug|Any CPU.Build.0 = Debug|Any CPU
		{A5D6623B-0674-4732-AED4-CD755DDE230A}.Release|Any CPU.ActiveCfg = Release|Any CPU
		{A5D6623B-0674-4732-AED4-CD755DDE230A}.Release|Any CPU.Build.0 = Release|Any CPU
		{BF455C47-D583-4329-861F-56E3B17B09AB}.Debug|Any CPU.ActiveCfg = Debug|Any CPU
		{BF455C47-D583-4329-861F-56E3B17B09AB}.Debug|Any CPU.Build.0 = Debug|Any CPU
		{BF455C47-D583-4329-861F-56E3B17B09AB}.Release|Any CPU.ActiveCfg = Release|Any CPU
		{BF455C47-D583-4329-861F-56E3B17B09AB}.Release|Any CPU.Build.0 = Release|Any CPU
	EndGlobalSection
	GlobalSection(SolutionProperties) = preSolution
		HideSolutionNode = FALSE
	EndGlobalSection
EndGlobal
